{
  "requires": true,
  "lockfileVersion": 1,
  "dependencies": {
    "@types/angular": {
      "version": "1.6.34",
      "resolved": "https://registry.npmjs.org/@types/angular/-/angular-1.6.34.tgz",
      "integrity": "sha512-D8BCXg7glBaZA32uePDOewqkruWr07lZ4XWMdBi24uG74ywPnlDyP8z44LjPk/WMqZSHhEcRYvntn1GNR/rWnA=="
    },
    "@types/jquery": {
      "version": "3.2.15",
      "resolved": "https://registry.npmjs.org/@types/jquery/-/jquery-3.2.15.tgz",
      "integrity": "sha512-SmiwGv/ISoltkDMngZ8sb9ijj6mYx3084XkHul/U4r03N2C14j6F+Lx+RfZ/f5zGOVOKEUIrRLVCNFKEaVDABQ=="
    },
    "angular": {
      "version": "1.6.6",
      "resolved": "https://registry.npmjs.org/angular/-/angular-1.6.6.tgz",
      "integrity": "sha1-/Vo8+0N844LYVO4BEgeXl4Uny2Q="
    },
    "angular-filter": {
      "version": "0.5.17",
      "resolved": "https://registry.npmjs.org/angular-filter/-/angular-filter-0.5.17.tgz",
      "integrity": "sha1-YMDHOA/UWHLLjxCAHP4H4VQGKTU=",
      "requires": {
        "angular": "1.6.6"
      }
    },
    "angular-i18n": {
      "version": "1.6.6",
      "resolved": "https://registry.npmjs.org/angular-i18n/-/angular-i18n-1.6.6.tgz",
      "integrity": "sha1-8hy/kWGkSb5LcUDYsVP2ypsIfSQ="
    },
    "angular-translate": {
      "version": "2.15.2",
      "resolved": "https://registry.npmjs.org/angular-translate/-/angular-translate-2.15.2.tgz",
      "integrity": "sha1-+aPCuNXa6312yeLAH/PD1X/hK5A=",
      "requires": {
        "angular": "1.6.6"
      }
    },
    "angular-ui-bootstrap": {
      "version": "2.5.6",
      "resolved": "https://registry.npmjs.org/angular-ui-bootstrap/-/angular-ui-bootstrap-2.5.6.tgz",
      "integrity": "sha512-yzcHpPMLQl0232nDzm5P4iAFTFQ9dMw0QgFLuKYbDj9M0xJ62z0oudYD/Lvh1pWfRsukiytP4Xj6BHOSrSXP8A=="
    },
    "bootstrap": {
      "version": "3.3.7",
      "resolved": "https://registry.npmjs.org/bootstrap/-/bootstrap-3.3.7.tgz",
      "integrity": "sha1-WjiTlFSfIzMIdaOxUGVldPip63E="
    },
    "jquery": {
      "version": "3.2.1",
      "resolved": "https://registry.npmjs.org/jquery/-/jquery-3.2.1.tgz",
      "integrity": "sha1-XE2d5lKvbNCncBVKYxu6ErAVx4c="
    }
  }
}
