{
  "requires": true,
  "lockfileVersion": 1,
  "dependencies": {
    "@types/angular": {
      "version": "1.6.51",
      "resolved": "https://registry.npmjs.org/@types/angular/-/angular-1.6.51.tgz",
      "integrity": "sha512-wYU+/zlJWih7ZmonWVjGQ18tG7GboI9asMNjRBM5fpIFJWXSioQttCTw9qGL44cP82ghM8sCV9apEqm1zBDq2w=="
    },
    "@types/jquery": {
      "version": "3.3.22",
      "resolved": "https://registry.npmjs.org/@types/jquery/-/jquery-3.3.22.tgz",
      "integrity": "sha512-a4JDcIhJhHYnoWCkG3xT2CZxXZeA92JeREESorg0DMQ3ZsjuKF48h7XK4l5Gl2GRa/ItGRpKMT0pyK88yRgqXQ==",
      "requires": {
        "@types/sizzle": "*"
      }
    },
    "@types/sizzle": {
      "version": "2.3.2",
      "resolved": "https://registry.npmjs.org/@types/sizzle/-/sizzle-2.3.2.tgz",
      "integrity": "sha512-7EJYyKTL7tFR8+gDbB6Wwz/arpGa0Mywk1TJbNzKzHtzbwVmY4HR9WqS5VV7dsBUKQmPNr192jHr/VpBluj/hg=="
    },
    "angular": {
      "version": "1.7.5",
      "resolved": "https://registry.npmjs.org/angular/-/angular-1.7.5.tgz",
      "integrity": "sha512-760183yxtGzni740IBTieNuWLtPNAoMqvmC0Z62UoU0I3nqk+VJuO3JbQAXOyvo3Oy/ZsdNQwrSTh/B0OQZjNw=="
    },
    "angular-filter": {
      "version": "0.5.17",
      "resolved": "https://registry.npmjs.org/angular-filter/-/angular-filter-0.5.17.tgz",
      "integrity": "sha1-YMDHOA/UWHLLjxCAHP4H4VQGKTU=",
      "requires": {
        "angular": "*"
      }
    },
    "angular-i18n": {
      "version": "1.7.5",
      "resolved": "https://registry.npmjs.org/angular-i18n/-/angular-i18n-1.7.5.tgz",
      "integrity": "sha512-52+Jpt8HRJV2bqSbSU6fWkwOvGzj/DxbNpKXxnTuCS9heuJrlm77BS/lhrF4BA8+Uudnh7npr5/yRELobP+8Yw=="
    },
    "angular-translate": {
      "version": "2.18.1",
      "resolved": "https://registry.npmjs.org/angular-translate/-/angular-translate-2.18.1.tgz",
      "integrity": "sha512-Mw0kFBqsv5j8ItL9IhRZunIlVmIRW6iFsiTmRs9wGr2QTt8z4rehYlWyHos8qnXc/kyOYJiW50iH50CSNHGB9A==",
      "requires": {
        "angular": ">=1.2.26 <=1.7"
      }
    },
    "angular-ui-bootstrap": {
      "version": "2.5.6",
      "resolved": "https://registry.npmjs.org/angular-ui-bootstrap/-/angular-ui-bootstrap-2.5.6.tgz",
      "integrity": "sha512-yzcHpPMLQl0232nDzm5P4iAFTFQ9dMw0QgFLuKYbDj9M0xJ62z0oudYD/Lvh1pWfRsukiytP4Xj6BHOSrSXP8A=="
    },
    "bootstrap": {
      "version": "3.3.7",
      "resolved": "https://registry.npmjs.org/bootstrap/-/bootstrap-3.3.7.tgz",
      "integrity": "sha1-WjiTlFSfIzMIdaOxUGVldPip63E="
    },
    "jquery": {
      "version": "3.3.1",
      "resolved": "https://registry.npmjs.org/jquery/-/jquery-3.3.1.tgz",
      "integrity": "sha512-Ubldcmxp5np52/ENotGxlLe6aGMvmF4R8S6tZjsP6Knsaxd/xp3Zrh50cG93lR6nPXyUFwzN3ZSOQI0wRJNdGg=="
    }
  }
}
