# THIS IS AN AUTOGENERATED FILE. DO NOT EDIT THIS FILE DIRECTLY.
# yarn lockfile v1


"@types/angular@^1.6.54":
  version "1.6.56"
  resolved "https://registry.yarnpkg.com/@types/angular/-/angular-1.6.56.tgz#20124077bd44061e018c7283c0bb83f4b00322dd"

"@types/jquery@^3.3.29":
  version "3.3.31"
  resolved "https://registry.yarnpkg.com/@types/jquery/-/jquery-3.3.31.tgz#27c706e4bf488474e1cb54a71d8303f37c93451b"
  dependencies:
    "@types/sizzle" "*"

"@types/sizzle@*":
  version "2.3.2"
  resolved "https://registry.yarnpkg.com/@types/sizzle/-/sizzle-2.3.2.tgz#a811b8c18e2babab7d542b3365887ae2e4d9de47"

angular-filter@^0.5.17:
  version "0.5.17"
  resolved "https://registry.yarnpkg.com/angular-filter/-/angular-filter-0.5.17.tgz#60c0c7380fd45872cb8f10801cfe07e154062935"
  dependencies:
    angular "*"

angular-i18n@^1.7.8:
  version "1.7.9"
  resolved "https://registry.yarnpkg.com/angular-i18n/-/angular-i18n-1.7.9.tgz#3ecdfd6ef1cb1c5eec4658d64a2fdb402e1d2578"

angular-translate@^2.18.1:
  version "2.18.1"
  resolved "https://registry.yarnpkg.com/angular-translate/-/angular-translate-2.18.1.tgz#b29ed0d2f9bac44075e7aad3284166c59e150791"
  dependencies:
    angular ">=1.2.26 <=1.7"

angular-ui-bootstrap@^2.5.6:
  version "2.5.6"
  resolved "https://registry.yarnpkg.com/angular-ui-bootstrap/-/angular-ui-bootstrap-2.5.6.tgz#23937322ec641a6fbee16498cc32452aa199e7c5"

angular@*, angular@^1.8.3:
  version "1.8.3"
  resolved "https://registry.yarnpkg.com/angular/-/angular-1.8.3.tgz#851ad75d5163c105a7e329555ef70c90aa706894"

"angular@>=1.2.26 <=1.7":
  version "1.7.9"
  resolved "https://registry.yarnpkg.com/angular/-/angular-1.7.9.tgz#e52616e8701c17724c3c238cfe4f9446fd570bc4"

bootstrap@^3.4.1:
  version "3.4.1"
  resolved "https://registry.yarnpkg.com/bootstrap/-/bootstrap-3.4.1.tgz#c3a347d419e289ad11f4033e3c4132b87c081d72"

jquery@^3.4.1:
  version "3.4.1"
  resolved "https://registry.yarnpkg.com/jquery/-/jquery-3.4.1.tgz#714f1f8d9dde4bdfa55764ba37ef214630d80ef2"
